// !$*UTF8*$!
{
	archiveVersion = 1;
	classes = {
	};
	objectVersion = 46;
	objects = {

/* Begin PBXBuildFile section */
		94A867CC19995BB700604BA4 /* Foundation.framework in Frameworks */ = {isa = PBXBuildFile; fileRef = 94A867CB19995BB700604BA4 /* Foundation.framework */; };
		94A867CE19995BB700604BA4 /* CoreGraphics.framework in Frameworks */ = {isa = PBXBuildFile; fileRef = 94A867CD19995BB700604BA4 /* CoreGraphics.framework */; };
		94A867D019995BB700604BA4 /* UIKit.framework in Frameworks */ = {isa = PBXBuildFile; fileRef = 94A867CF19995BB700604BA4 /* UIKit.framework */; };
		94A867D219995BB700604BA4 /* SpriteKit.framework in Frameworks */ = {isa = PBXBuildFile; fileRef = 94A867D119995BB700604BA4 /* SpriteKit.framework */; };
		94A867D819995BB700604BA4 /* InfoPlist.strings in Resources */ = {isa = PBXBuildFile; fileRef = 94A867D619995BB700604BA4 /* InfoPlist.strings */; };
		94A867DA19995BB700604BA4 /* main.m in Sources */ = {isa = PBXBuildFile; fileRef = 94A867D919995BB700604BA4 /* main.m */; };
		94A867DE19995BB700604BA4 /* DQAppDelegate.m in Sources */ = {isa = PBXBuildFile; fileRef = 94A867DD19995BB700604BA4 /* DQAppDelegate.m */; };
		94A867E119995BB700604BA4 /* Main.storyboard in Resources */ = {isa = PBXBuildFile; fileRef = 94A867DF19995BB700604BA4 /* Main.storyboard */; };
		94A867E419995BB700604BA4 /* DQViewController.m in Sources */ = {isa = PBXBuildFile; fileRef = 94A867E319995BB700604BA4 /* DQViewController.m */; };
		94A867E719995BB700604BA4 /* DQMyScene.m in Sources */ = {isa = PBXBuildFile; fileRef = 94A867E619995BB700604BA4 /* DQMyScene.m */; };
		94A867E919995BB700604BA4 /* Spaceship.png in Resources */ = {isa = PBXBuildFile; fileRef = 94A867E819995BB700604BA4 /* Spaceship.png */; };
		94A867EB19995BB700604BA4 /* Images.xcassets in Resources */ = {isa = PBXBuildFile; fileRef = 94A867EA19995BB700604BA4 /* Images.xcassets */; };
		94A867F219995BB700604BA4 /* XCTest.framework in Frameworks */ = {isa = PBXBuildFile; fileRef = 94A867F119995BB700604BA4 /* XCTest.framework */; };
		94A867F319995BB700604BA4 /* Foundation.framework in Frameworks */ = {isa = PBXBuildFile; fileRef = 94A867CB19995BB700604BA4 /* Foundation.framework */; };
		94A867F419995BB700604BA4 /* UIKit.framework in Frameworks */ = {isa = PBXBuildFile; fileRef = 94A867CF19995BB700604BA4 /* UIKit.framework */; };
		94A867FC19995BB700604BA4 /* InfoPlist.strings in Resources */ = {isa = PBXBuildFile; fileRef = 94A867FA19995BB700604BA4 /* InfoPlist.strings */; };
		94A867FE19995BB700604BA4 /* ContadorTests.m in Sources */ = {isa = PBXBuildFile; fileRef = 94A867FD19995BB700604BA4 /* ContadorTests.m */; };
		94A8680819995C3600604BA4 /* ContadorGeiger.atlas in Resources */ = {isa = PBXBuildFile; fileRef = 94A8680719995C3600604BA4 /* ContadorGeiger.atlas */; };
		94A8680D19995C7000604BA4 /* DQContadorGeiger.m in Sources */ = {isa = PBXBuildFile; fileRef = 94A8680C19995C7000604BA4 /* DQContadorGeiger.m */; };
		94A8681019995F0800604BA4 /* DQUtils.m in Sources */ = {isa = PBXBuildFile; fileRef = 94A8680F19995F0800604BA4 /* DQUtils.m */; };
		94A86817199964FF00604BA4 /* ContadorGeiger-2.wav in Resources */ = {isa = PBXBuildFile; fileRef = 94A86814199964FF00604BA4 /* ContadorGeiger-2.wav */; };
		94A868191999662300604BA4 /* ContadorGeiger-1.mp3 in Resources */ = {isa = PBXBuildFile; fileRef = 94A868181999662300604BA4 /* ContadorGeiger-1.mp3 */; };
/* End PBXBuildFile section */

/* Begin PBXContainerItemProxy section */
		94A867F519995BB700604BA4 /* PBXContainerItemProxy */ = {
			isa = PBXContainerItemProxy;
			containerPortal = 94A867C019995BB700604BA4 /* Project object */;
			proxyType = 1;
			remoteGlobalIDString = 94A867C719995BB700604BA4;
			remoteInfo = Contador;
		};
/* End PBXContainerItemProxy section */

/* Begin PBXFileReference section */
		94A867C819995BB700604BA4 /* Contador.app */ = {isa = PBXFileReference; explicitFileType = wrapper.application; includeInIndex = 0; path = Contador.app; sourceTree = BUILT_PRODUCTS_DIR; };
		94A867CB19995BB700604BA4 /* Foundation.framework */ = {isa = PBXFileReference; lastKnownFileType = wrapper.framework; name = Foundation.framework; path = System/Library/Frameworks/Foundation.framework; sourceTree = SDKROOT; };
		94A867CD19995BB700604BA4 /* CoreGraphics.framework */ = {isa = PBXFileReference; lastKnownFileType = wrapper.framework; name = CoreGraphics.framework; path = System/Library/Frameworks/CoreGraphics.framework; sourceTree = SDKROOT; };
		94A867CF19995BB700604BA4 /* UIKit.framework */ = {isa = PBXFileReference; lastKnownFileType = wrapper.framework; name = UIKit.framework; path = System/Library/Frameworks/UIKit.framework; sourceTree = SDKROOT; };
		94A867D119995BB700604BA4 /* SpriteKit.framework */ = {isa = PBXFileReference; lastKnownFileType = wrapper.framework; name = SpriteKit.framework; path = System/Library/Frameworks/SpriteKit.framework; sourceTree = SDKROOT; };
		94A867D519995BB700604BA4 /* Contador-Info.plist */ = {isa = PBXFileReference; lastKnownFileType = text.plist.xml; path = "Contador-Info.plist"; sourceTree = "<group>"; };
		94A867D719995BB700604BA4 /* en */ = {isa = PBXFileReference; lastKnownFileType = text.plist.strings; name = en; path = en.lproj/InfoPlist.strings; sourceTree = "<group>"; };
		94A867D919995BB700604BA4 /* main.m */ = {isa = PBXFileReference; lastKnownFileType = sourcecode.c.objc; path = main.m; sourceTree = "<group>"; };
		94A867DB19995BB700604BA4 /* Contador-Prefix.pch */ = {isa = PBXFileReference; lastKnownFileType = sourcecode.c.h; path = "Contador-Prefix.pch"; sourceTree = "<group>"; };
		94A867DC19995BB700604BA4 /* DQAppDelegate.h */ = {isa = PBXFileReference; lastKnownFileType = sourcecode.c.h; path = DQAppDelegate.h; sourceTree = "<group>"; };
		94A867DD19995BB700604BA4 /* DQAppDelegate.m */ = {isa = PBXFileReference; lastKnownFileType = sourcecode.c.objc; path = DQAppDelegate.m; sourceTree = "<group>"; };
		94A867E019995BB700604BA4 /* Base */ = {isa = PBXFileReference; lastKnownFileType = file.storyboard; name = Base; path = Base.lproj/Main.storyboard; sourceTree = "<group>"; };
		94A867E219995BB700604BA4 /* DQViewController.h */ = {isa = PBXFileReference; lastKnownFileType = sourcecode.c.h; path = DQViewController.h; sourceTree = "<group>"; };
		94A867E319995BB700604BA4 /* DQViewController.m */ = {isa = PBXFileReference; lastKnownFileType = sourcecode.c.objc; path = DQViewController.m; sourceTree = "<group>"; };
		94A867E519995BB700604BA4 /* DQMyScene.h */ = {isa = PBXFileReference; lastKnownFileType = sourcecode.c.h; path = DQMyScene.h; sourceTree = "<group>"; };
		94A867E619995BB700604BA4 /* DQMyScene.m */ = {isa = PBXFileReference; lastKnownFileType = sourcecode.c.objc; path = DQMyScene.m; sourceTree = "<group>"; };
		94A867E819995BB700604BA4 /* Spaceship.png */ = {isa = PBXFileReference; lastKnownFileType = image.png; path = Spaceship.png; sourceTree = "<group>"; };
		94A867EA19995BB700604BA4 /* Images.xcassets */ = {isa = PBXFileReference; lastKnownFileType = folder.assetcatalog; path = Images.xcassets; sourceTree = "<group>"; };
		94A867F019995BB700604BA4 /* ContadorTests.xctest */ = {isa = PBXFileReference; explicitFileType = wrapper.cfbundle; includeInIndex = 0; path = ContadorTests.xctest; sourceTree = BUILT_PRODUCTS_DIR; };
		94A867F119995BB700604BA4 /* XCTest.framework */ = {isa = PBXFileReference; lastKnownFileType = wrapper.framework; name = XCTest.framework; path = Library/Frameworks/XCTest.framework; sourceTree = DEVELOPER_DIR; };
		94A867F919995BB700604BA4 /* ContadorTests-Info.plist */ = {isa = PBXFileReference; lastKnownFileType = text.plist.xml; path = "ContadorTests-Info.plist"; sourceTree = "<group>"; };
		94A867FB19995BB700604BA4 /* en */ = {isa = PBXFileReference; lastKnownFileType = text.plist.strings; name = en; path = en.lproj/InfoPlist.strings; sourceTree = "<group>"; };
		94A867FD19995BB700604BA4 /* ContadorTests.m */ = {isa = PBXFileReference; lastKnownFileType = sourcecode.c.objc; path = ContadorTests.m; sourceTree = "<group>"; };
		94A8680719995C3600604BA4 /* ContadorGeiger.atlas */ = {isa = PBXFileReference; lastKnownFileType = folder.skatlas; path = ContadorGeiger.atlas; sourceTree = "<group>"; };
		94A8680B19995C7000604BA4 /* DQContadorGeiger.h */ = {isa = PBXFileReference; fileEncoding = 4; lastKnownFileType = sourcecode.c.h; path = DQContadorGeiger.h; sourceTree = "<group>"; };
		94A8680C19995C7000604BA4 /* DQContadorGeiger.m */ = {isa = PBXFileReference; fileEncoding = 4; lastKnownFileType = sourcecode.c.objc; path = DQContadorGeiger.m; sourceTree = "<group>"; };
		94A8680E19995F0800604BA4 /* DQUtils.h */ = {isa = PBXFileReference; fileEncoding = 4; lastKnownFileType = sourcecode.c.h; path = DQUtils.h; sourceTree = "<group>"; };
		94A8680F19995F0800604BA4 /* DQUtils.m */ = {isa = PBXFileReference; fileEncoding = 4; lastKnownFileType = sourcecode.c.objc; path = DQUtils.m; sourceTree = "<group>"; };
		94A86814199964FF00604BA4 /* ContadorGeiger-2.wav */ = {isa = PBXFileReference; lastKnownFileType = audio.wav; path = "ContadorGeiger-2.wav"; sourceTree = "<group>"; };
		94A868181999662300604BA4 /* ContadorGeiger-1.mp3 */ = {isa = PBXFileReference; lastKnownFileType = audio.mp3; path = "ContadorGeiger-1.mp3"; sourceTree = "<group>"; };
/* End PBXFileReference section */

/* Begin PBXFrameworksBuildPhase section */
		94A867C519995BB700604BA4 /* Frameworks */ = {
			isa = PBXFrameworksBuildPhase;
			buildActionMask = 2147483647;
			files = (
				94A867CE19995BB700604BA4 /* CoreGraphics.framework in Frameworks */,
				94A867D019995BB700604BA4 /* UIKit.framework in Frameworks */,
				94A867D219995BB700604BA4 /* SpriteKit.framework in Frameworks */,
				94A867CC19995BB700604BA4 /* Foundation.framework in Frameworks */,
			);
			runOnlyForDeploymentPostprocessing = 0;
		};
		94A867ED19995BB700604BA4 /* Frameworks */ = {
			isa = PBXFrameworksBuildPhase;
			buildActionMask = 2147483647;
			files = (
				94A867F219995BB700604BA4 /* XCTest.framework in Frameworks */,
				94A867F419995BB700604BA4 /* UIKit.framework in Frameworks */,
				94A867F319995BB700604BA4 /* Foundation.framework in Frameworks */,
			);
			runOnlyForDeploymentPostprocessing = 0;
		};
/* End PBXFrameworksBuildPhase section */

/* Begin PBXGroup section */
		94A867BF19995BB700604BA4 = {
			isa = PBXGroup;
			children = (
				94A867D319995BB700604BA4 /* Contador */,
				94A867F719995BB700604BA4 /* ContadorTests */,
				94A867CA19995BB700604BA4 /* Frameworks */,
				94A867C919995BB700604BA4 /* Products */,
			);
			sourceTree = "<group>";
		};
		94A867C919995BB700604BA4 /* Products */ = {
			isa = PBXGroup;
			children = (
				94A867C819995BB700604BA4 /* Contador.app */,
				94A867F019995BB700604BA4 /* ContadorTests.xctest */,
			);
			name = Products;
			sourceTree = "<group>";
		};
		94A867CA19995BB700604BA4 /* Frameworks */ = {
			isa = PBXGroup;
			children = (
				94A867CB19995BB700604BA4 /* Foundation.framework */,
				94A867CD19995BB700604BA4 /* CoreGraphics.framework */,
				94A867CF19995BB700604BA4 /* UIKit.framework */,
				94A867D119995BB700604BA4 /* SpriteKit.framework */,
				94A867F119995BB700604BA4 /* XCTest.framework */,
			);
			name = Frameworks;
			sourceTree = "<group>";
		};
		94A867D319995BB700604BA4 /* Contador */ = {
			isa = PBXGroup;
			children = (
				94A8680B19995C7000604BA4 /* DQContadorGeiger.h */,
				94A8680C19995C7000604BA4 /* DQContadorGeiger.m */,
				94A867DC19995BB700604BA4 /* DQAppDelegate.h */,
				94A867DD19995BB700604BA4 /* DQAppDelegate.m */,
				94A867DF19995BB700604BA4 /* Main.storyboard */,
				94A867E219995BB700604BA4 /* DQViewController.h */,
				94A867E319995BB700604BA4 /* DQViewController.m */,
				94A867E519995BB700604BA4 /* DQMyScene.h */,
				94A867E619995BB700604BA4 /* DQMyScene.m */,
				94A867E819995BB700604BA4 /* Spaceship.png */,
				94A867EA19995BB700604BA4 /* Images.xcassets */,
				94A86811199964FF00604BA4 /* ContadorGeiger */,
				94A8680719995C3600604BA4 /* ContadorGeiger.atlas */,
				94A867D419995BB700604BA4 /* Supporting Files */,
				94A8680E19995F0800604BA4 /* DQUtils.h */,
				94A8680F19995F0800604BA4 /* DQUtils.m */,
			);
			path = Contador;
			sourceTree = "<group>";
		};
		94A867D419995BB700604BA4 /* Supporting Files */ = {
			isa = PBXGroup;
			children = (
				94A867D519995BB700604BA4 /* Contador-Info.plist */,
				94A867D619995BB700604BA4 /* InfoPlist.strings */,
				94A867D919995BB700604BA4 /* main.m */,
				94A867DB19995BB700604BA4 /* Contador-Prefix.pch */,
			);
			name = "Supporting Files";
			sourceTree = "<group>";
		};
		94A867F719995BB700604BA4 /* ContadorTests */ = {
			isa = PBXGroup;
			children = (
				94A867FD19995BB700604BA4 /* ContadorTests.m */,
				94A867F819995BB700604BA4 /* Supporting Files */,
			);
			path = ContadorTests;
			sourceTree = "<group>";
		};
		94A867F819995BB700604BA4 /* Supporting Files */ = {
			isa = PBXGroup;
			children = (
				94A867F919995BB700604BA4 /* ContadorTests-Info.plist */,
				94A867FA19995BB700604BA4 /* InfoPlist.strings */,
			);
			name = "Supporting Files";
			sourceTree = "<group>";
		};
		94A86811199964FF00604BA4 /* ContadorGeiger */ = {
			isa = PBXGroup;
			children = (
				94A868181999662300604BA4 /* ContadorGeiger-1.mp3 */,
				94A86814199964FF00604BA4 /* ContadorGeiger-2.wav */,
			);
			path = ContadorGeiger;
			sourceTree = "<group>";
		};
/* End PBXGroup section */

/* Begin PBXNativeTarget section */
		94A867C719995BB700604BA4 /* Contador */ = {
			isa = PBXNativeTarget;
			buildConfigurationList = 94A8680119995BB700604BA4 /* Build configuration list for PBXNativeTarget "Contador" */;
			buildPhases = (
				94A867C419995BB700604BA4 /* Sources */,
				94A867C519995BB700604BA4 /* Frameworks */,
				94A867C619995BB700604BA4 /* Resources */,
			);
			buildRules = (
			);
			dependencies = (
			);
			name = Contador;
			productName = Contador;
			productReference = 94A867C819995BB700604BA4 /* Contador.app */;
			productType = "com.apple.product-type.application";
		};
		94A867EF19995BB700604BA4 /* ContadorTests */ = {
			isa = PBXNativeTarget;
			buildConfigurationList = 94A8680419995BB700604BA4 /* Build configuration list for PBXNativeTarget "ContadorTests" */;
			buildPhases = (
				94A867EC19995BB700604BA4 /* Sources */,
				94A867ED19995BB700604BA4 /* Frameworks */,
				94A867EE19995BB700604BA4 /* Resources */,
			);
			buildRules = (
			);
			dependencies = (
				94A867F619995BB700604BA4 /* PBXTargetDependency */,
			);
			name = ContadorTests;
			productName = ContadorTests;
			productReference = 94A867F019995BB700604BA4 /* ContadorTests.xctest */;
			productType = "com.apple.product-type.bundle.unit-test";
		};
/* End PBXNativeTarget section */

/* Begin PBXProject section */
		94A867C019995BB700604BA4 /* Project object */ = {
			isa = PBXProject;
			attributes = {
				CLASSPREFIX = DQ;
				LastUpgradeCheck = 0510;
				ORGANIZATIONNAME = "LEONARDO DE SOUSA MENDES";
				TargetAttributes = {
					94A867EF19995BB700604BA4 = {
						TestTargetID = 94A867C719995BB700604BA4;
					};
				};
			};
			buildConfigurationList = 94A867C319995BB700604BA4 /* Build configuration list for PBXProject "Contador" */;
			compatibilityVersion = "Xcode 3.2";
			developmentRegion = English;
			hasScannedForEncodings = 0;
			knownRegions = (
				en,
				Base,
			);
			mainGroup = 94A867BF19995BB700604BA4;
			productRefGroup = 94A867C919995BB700604BA4 /* Products */;
			projectDirPath = "";
			projectRoot = "";
			targets = (
				94A867C719995BB700604BA4 /* Contador */,
				94A867EF19995BB700604BA4 /* ContadorTests */,
			);
		};
/* End PBXProject section */

/* Begin PBXResourcesBuildPhase section */
		94A867C619995BB700604BA4 /* Resources */ = {
			isa = PBXResourcesBuildPhase;
			buildActionMask = 2147483647;
			files = (
				94A867D819995BB700604BA4 /* InfoPlist.strings in Resources */,
				94A868191999662300604BA4 /* ContadorGeiger-1.mp3 in Resources */,
				94A867EB19995BB700604BA4 /* Images.xcassets in Resources */,
				94A86817199964FF00604BA4 /* ContadorGeiger-2.wav in Resources */,
				94A867E919995BB700604BA4 /* Spaceship.png in Resources */,
				94A8680819995C3600604BA4 /* ContadorGeiger.atlas in Resources */,
				94A867E119995BB700604BA4 /* Main.storyboard in Resources */,
			);
			runOnlyForDeploymentPostprocessing = 0;
		};
		94A867EE19995BB700604BA4 /* Resources */ = {
			isa = PBXResourcesBuildPhase;
			buildActionMask = 2147483647;
			files = (
				94A867FC19995BB700604BA4 /* InfoPlist.strings in Resources */,
			);
			runOnlyForDeploymentPostprocessing = 0;
		};
/* End PBXResourcesBuildPhase section */

/* Begin PBXSourcesBuildPhase section */
		94A867C419995BB700604BA4 /* Sources */ = {
			isa = PBXSourcesBuildPhase;
			buildActionMask = 2147483647;
			files = (
				94A8681019995F0800604BA4 /* DQUtils.m in Sources */,
				94A867DA19995BB700604BA4 /* main.m in Sources */,
				94A867E419995BB700604BA4 /* DQViewController.m in Sources */,
				94A867DE19995BB700604BA4 /* DQAppDelegate.m in Sources */,
				94A8680D19995C7000604BA4 /* DQContadorGeiger.m in Sources */,
				94A867E719995BB700604BA4 /* DQMyScene.m in Sources */,
			);
			runOnlyForDeploymentPostprocessing = 0;
		};
		94A867EC19995BB700604BA4 /* Sources */ = {
			isa = PBXSourcesBuildPhase;
			buildActionMask = 2147483647;
			files = (
				94A867FE19995BB700604BA4 /* ContadorTests.m in Sources */,
			);
			runOnlyForDeploymentPostprocessing = 0;
		};
/* End PBXSourcesBuildPhase section */

/* Begin PBXTargetDependency section */
		94A867F619995BB700604BA4 /* PBXTargetDependency */ = {
			isa = PBXTargetDependency;
			target = 94A867C719995BB700604BA4 /* Contador */;
			targetProxy = 94A867F519995BB700604BA4 /* PBXContainerItemProxy */;
		};
/* End PBXTargetDependency section */

/* Begin PBXVariantGroup section */
		94A867D619995BB700604BA4 /* InfoPlist.strings */ = {
			isa = PBXVariantGroup;
			children = (
				94A867D719995BB700604BA4 /* en */,
			);
			name = InfoPlist.strings;
			sourceTree = "<group>";
		};
		94A867DF19995BB700604BA4 /* Main.storyboard */ = {
			isa = PBXVariantGroup;
			children = (
				94A867E019995BB700604BA4 /* Base */,
			);
			name = Main.storyboard;
			sourceTree = "<group>";
		};
		94A867FA19995BB700604BA4 /* InfoPlist.strings */ = {
			isa = PBXVariantGroup;
			children = (
				94A867FB19995BB700604BA4 /* en */,
			);
			name = InfoPlist.strings;
			sourceTree = "<group>";
		};
/* End PBXVariantGroup section */

/* Begin XCBuildConfiguration section */
		94A867FF19995BB700604BA4 /* Debug */ = {
			isa = XCBuildConfiguration;
			buildSettings = {
				ALWAYS_SEARCH_USER_PATHS = NO;
				CLANG_CXX_LANGUAGE_STANDARD = "gnu++0x";
				CLANG_CXX_LIBRARY = "libc++";
				CLANG_ENABLE_MODULES = YES;
				CLANG_ENABLE_OBJC_ARC = YES;
				CLANG_WARN_BOOL_CONVERSION = YES;
				CLANG_WARN_CONSTANT_CONVERSION = YES;
				CLANG_WARN_DIRECT_OBJC_ISA_USAGE = YES_ERROR;
				CLANG_WARN_EMPTY_BODY = YES;
				CLANG_WARN_ENUM_CONVERSION = YES;
				CLANG_WARN_INT_CONVERSION = YES;
				CLANG_WARN_OBJC_ROOT_CLASS = YES_ERROR;
				CLANG_WARN__DUPLICATE_METHOD_MATCH = YES;
				"CODE_SIGN_IDENTITY[sdk=iphoneos*]" = "iPhone Developer";
				COPY_PHASE_STRIP = NO;
				GCC_C_LANGUAGE_STANDARD = gnu99;
				GCC_DYNAMIC_NO_PIC = NO;
				GCC_OPTIMIZATION_LEVEL = 0;
				GCC_PREPROCESSOR_DEFINITIONS = (
					"DEBUG=1",
					"$(inherited)",
				);
				GCC_SYMBOLS_PRIVATE_EXTERN = NO;
				GCC_WARN_64_TO_32_BIT_CONVERSION = YES;
				GCC_WARN_ABOUT_RETURN_TYPE = YES_ERROR;
				GCC_WARN_UNDECLARED_SELECTOR = YES;
				GCC_WARN_UNINITIALIZED_AUTOS = YES_AGGRESSIVE;
				GCC_WARN_UNUSED_FUNCTION = YES;
				GCC_WARN_UNUSED_VARIABLE = YES;
				IPHONEOS_DEPLOYMENT_TARGET = 7.1;
				ONLY_ACTIVE_ARCH = YES;
				SDKROOT = iphoneos;
				TARGETED_DEVICE_FAMILY = 2;
			};
			name = Debug;
		};
		94A8680019995BB700604BA4 /* Release */ = {
			isa = XCBuildConfiguration;
			buildSettings = {
				ALWAYS_SEARCH_USER_PATHS = NO;
				CLANG_CXX_LANGUAGE_STANDARD = "gnu++0x";
				CLANG_CXX_LIBRARY = "libc++";
				CLANG_ENABLE_MODULES = YES;
				CLANG_ENABLE_OBJC_ARC = YES;
				CLANG_WARN_BOOL_CONVERSION = YES;
				CLANG_WARN_CONSTANT_CONVERSION = YES;
				CLANG_WARN_DIRECT_OBJC_ISA_USAGE = YES_ERROR;
				CLANG_WARN_EMPTY_BODY = YES;
				CLANG_WARN_ENUM_CONVERSION = YES;
				CLANG_WARN_INT_CONVERSION = YES;
				CLANG_WARN_OBJC_ROOT_CLASS = YES_ERROR;
				CLANG_WARN__DUPLICATE_METHOD_MATCH = YES;
				"CODE_SIGN_IDENTITY[sdk=iphoneos*]" = "iPhone Developer";
				COPY_PHASE_STRIP = YES;
				ENABLE_NS_ASSERTIONS = NO;
				GCC_C_LANGUAGE_STANDARD = gnu99;
				GCC_WARN_64_TO_32_BIT_CONVERSION = YES;
				GCC_WARN_ABOUT_RETURN_TYPE = YES_ERROR;
				GCC_WARN_UNDECLARED_SELECTOR = YES;
				GCC_WARN_UNINITIALIZED_AUTOS = YES_AGGRESSIVE;
				GCC_WARN_UNUSED_FUNCTION = YES;
				GCC_WARN_UNUSED_VARIABLE = YES;
				IPHONEOS_DEPLOYMENT_TARGET = 7.1;
				SDKROOT = iphoneos;
				TARGETED_DEVICE_FAMILY = 2;
				VALIDATE_PRODUCT = YES;
			};
			name = Release;
		};
		94A8680219995BB700604BA4 /* Debug */ = {
			isa = XCBuildConfiguration;
			buildSettings = {
				ASSETCATALOG_COMPILER_APPICON_NAME = AppIcon;
				ASSETCATALOG_COMPILER_LAUNCHIMAGE_NAME = LaunchImage;
				GCC_PRECOMPILE_PREFIX_HEADER = YES;
				GCC_PREFIX_HEADER = "Contador/Contador-Prefix.pch";
				INFOPLIST_FILE = "Contador/Contador-Info.plist";
				PRODUCT_NAME = "$(TARGET_NAME)";
				SPRITEKIT_TEXTURE_ATLAS_OUTPUT = YES;
				WRAPPER_EXTENSION = app;
			};
			name = Debug;
		};
		94A8680319995BB700604BA4 /* Release */ = {
			isa = XCBuildConfiguration;
			buildSettings = {
				ASSETCATALOG_COMPILER_APPICON_NAME = AppIcon;
				ASSETCATALOG_COMPILER_LAUNCHIMAGE_NAME = LaunchImage;
				GCC_PRECOMPILE_PREFIX_HEADER = YES;
				GCC_PREFIX_HEADER = "Contador/Contador-Prefix.pch";
				INFOPLIST_FILE = "Contador/Contador-Info.plist";
				PRODUCT_NAME = "$(TARGET_NAME)";
				SPRITEKIT_TEXTURE_ATLAS_OUTPUT = YES;
				WRAPPER_EXTENSION = app;
			};
			name = Release;
		};
		94A8680519995BB700604BA4 /* Debug */ = {
			isa = XCBuildConfiguration;
			buildSettings = {
				BUNDLE_LOADER = "$(BUILT_PRODUCTS_DIR)/Contador.app/Contador";
				FRAMEWORK_SEARCH_PATHS = (
					"$(SDKROOT)/Developer/Library/Frameworks",
					"$(inherited)",
					"$(DEVELOPER_FRAMEWORKS_DIR)",
				);
				GCC_PRECOMPILE_PREFIX_HEADER = YES;
				GCC_PREFIX_HEADER = "Contador/Contador-Prefix.pch";
				GCC_PREPROCESSOR_DEFINITIONS = (
					"DEBUG=1",
					"$(inherited)",
				);
				INFOPLIST_FILE = "ContadorTests/ContadorTests-Info.plist";
				PRODUCT_NAME = "$(TARGET_NAME)";
				TEST_HOST = "$(BUNDLE_LOADER)";
				WRAPPER_EXTENSION = xctest;
			};
			name = Debug;
		};
		94A8680619995BB700604BA4 /* Release */ = {
			isa = XCBuildConfiguration;
			buildSettings = {
				BUNDLE_LOADER = "$(BUILT_PRODUCTS_DIR)/Contador.app/Contador";
				FRAMEWORK_SEARCH_PATHS = (
					"$(SDKROOT)/Developer/Library/Frameworks",
					"$(inherited)",
					"$(DEVELOPER_FRAMEWORKS_DIR)",
				);
				GCC_PRECOMPILE_PREFIX_HEADER = YES;
				GCC_PREFIX_HEADER = "Contador/Contador-Prefix.pch";
				INFOPLIST_FILE = "ContadorTests/ContadorTests-Info.plist";
				PRODUCT_NAME = "$(TARGET_NAME)";
				TEST_HOST = "$(BUNDLE_LOADER)";
				WRAPPER_EXTENSION = xctest;
			};
			name = Release;
		};
/* End XCBuildConfiguration section */

/* Begin XCConfigurationList section */
		94A867C319995BB700604BA4 /* Build configuration list for PBXProject "Contador" */ = {
			isa = XCConfigurationList;
			buildConfigurations = (
				94A867FF19995BB700604BA4 /* Debug */,
				94A8680019995BB700604BA4 /* Release */,
			);
			defaultConfigurationIsVisible = 0;
			defaultConfigurationName = Release;
		};
		94A8680119995BB700604BA4 /* Build configuration list for PBXNativeTarget "Contador" */ = {
			isa = XCConfigurationList;
			buildConfigurations = (
				94A8680219995BB700604BA4 /* Debug */,
				94A8680319995BB700604BA4 /* Release */,
			);
			defaultConfigurationIsVisible = 0;
		};
		94A8680419995BB700604BA4 /* Build configuration list for PBXNativeTarget "ContadorTests" */ = {
			isa = XCConfigurationList;
			buildConfigurations = (
				94A8680519995BB700604BA4 /* Debug */,
				94A8680619995BB700604BA4 /* Release */,
			);
			defaultConfigurationIsVisible = 0;
		};
/* End XCConfigurationList section */
	};
	rootObject = 94A867C019995BB700604BA4 /* Project object */;
}
